// !$*UTF8*$!
{
	archiveVersion = 1;
	classes = {
	};
	objectVersion = 46;
	objects = {

/* Begin PBXBuildFile section */
		595C7819A1FC09B120475846 /* Pods_blip_sdk_webviewTests.framework in Frameworks */ = {isa = PBXBuildFile; fileRef = F3491EAC7DB2105E7741ED3B /* Pods_blip_sdk_webviewTests.framework */; };
		6A2BA6341E23FC440095F06F /* AppDelegate.swift in Sources */ = {isa = PBXBuildFile; fileRef = 6A2BA6331E23FC440095F06F /* AppDelegate.swift */; };
		6A2BA6361E23FC440095F06F /* ViewController.swift in Sources */ = {isa = PBXBuildFile; fileRef = 6A2BA6351E23FC440095F06F /* ViewController.swift */; };
		6A2BA6391E23FC440095F06F /* Main.storyboard in Resources */ = {isa = PBXBuildFile; fileRef = 6A2BA6371E23FC440095F06F /* Main.storyboard */; };
		6A2BA63B1E23FC440095F06F /* Assets.xcassets in Resources */ = {isa = PBXBuildFile; fileRef = 6A2BA63A1E23FC440095F06F /* Assets.xcassets */; };
		6A2BA63E1E23FC440095F06F /* LaunchScreen.storyboard in Resources */ = {isa = PBXBuildFile; fileRef = 6A2BA63C1E23FC440095F06F /* LaunchScreen.storyboard */; };
		6A2BA6491E23FC440095F06F /* blip_sdk_webviewTests.swift in Sources */ = {isa = PBXBuildFile; fileRef = 6A2BA6481E23FC440095F06F /* blip_sdk_webviewTests.swift */; };
		6A2BA6541E23FC440095F06F /* blip_sdk_webviewUITests.swift in Sources */ = {isa = PBXBuildFile; fileRef = 6A2BA6531E23FC440095F06F /* blip_sdk_webviewUITests.swift */; };
		6AA9F9041E26BC02007C270D /* blip.plist in Resources */ = {isa = PBXBuildFile; fileRef = 6AA9F9031E26BC02007C270D /* blip.plist */; };
		94F3918CAB441C03D9AFAA8D /* Pods_blip_sdk_webview.framework in Frameworks */ = {isa = PBXBuildFile; fileRef = FEC11C4AFF752A94D35A7B13 /* Pods_blip_sdk_webview.framework */; };
		FA9B7B6C7FF04DD9AA967888 /* Pods_blip_sdk_webviewUITests.framework in Frameworks */ = {isa = PBXBuildFile; fileRef = A45CB0145676D60952FEB141 /* Pods_blip_sdk_webviewUITests.framework */; };
/* End PBXBuildFile section */

/* Begin PBXContainerItemProxy section */
		6A2BA6451E23FC440095F06F /* PBXContainerItemProxy */ = {
			isa = PBXContainerItemProxy;
			containerPortal = 6A2BA6281E23FC440095F06F /* Project object */;
			proxyType = 1;
			remoteGlobalIDString = 6A2BA62F1E23FC440095F06F;
			remoteInfo = "blip-sdk-webview";
		};
		6A2BA6501E23FC440095F06F /* PBXContainerItemProxy */ = {
			isa = PBXContainerItemProxy;
			containerPortal = 6A2BA6281E23FC440095F06F /* Project object */;
			proxyType = 1;
			remoteGlobalIDString = 6A2BA62F1E23FC440095F06F;
			remoteInfo = "blip-sdk-webview";
		};
/* End PBXContainerItemProxy section */

/* Begin PBXCopyFilesBuildPhase section */
		6A2BA6641E23FC630095F06F /* Embed Frameworks */ = {
			isa = PBXCopyFilesBuildPhase;
			buildActionMask = 2147483647;
			dstPath = "";
			dstSubfolderSpec = 10;
			files = (
			);
			name = "Embed Frameworks";
			runOnlyForDeploymentPostprocessing = 0;
		};
/* End PBXCopyFilesBuildPhase section */

/* Begin PBXFileReference section */
		05B0E532B8E2BB71446593AF /* Pods-blip-sdk-webviewUITests.debug.xcconfig */ = {isa = PBXFileReference; includeInIndex = 1; lastKnownFileType = text.xcconfig; name = "Pods-blip-sdk-webviewUITests.debug.xcconfig"; path = "Target Support Files/Pods-blip-sdk-webviewUITests/Pods-blip-sdk-webviewUITests.debug.xcconfig"; sourceTree = "<group>"; };
		27700110B6DC514C9BD248AE /* Pods-blip-sdk-webviewUITests.release.xcconfig */ = {isa = PBXFileReference; includeInIndex = 1; lastKnownFileType = text.xcconfig; name = "Pods-blip-sdk-webviewUITests.release.xcconfig"; path = "Target Support Files/Pods-blip-sdk-webviewUITests/Pods-blip-sdk-webviewUITests.release.xcconfig"; sourceTree = "<group>"; };
		54488742549F52A76E5F3278 /* Pods-blip-sdk-webview.release.xcconfig */ = {isa = PBXFileReference; includeInIndex = 1; lastKnownFileType = text.xcconfig; name = "Pods-blip-sdk-webview.release.xcconfig"; path = "Target Support Files/Pods-blip-sdk-webview/Pods-blip-sdk-webview.release.xcconfig"; sourceTree = "<group>"; };
		6A2BA6301E23FC440095F06F /* blip-sdk-webview.app */ = {isa = PBXFileReference; explicitFileType = wrapper.application; includeInIndex = 0; path = "blip-sdk-webview.app"; sourceTree = BUILT_PRODUCTS_DIR; };
		6A2BA6331E23FC440095F06F /* AppDelegate.swift */ = {isa = PBXFileReference; lastKnownFileType = sourcecode.swift; path = AppDelegate.swift; sourceTree = "<group>"; };
		6A2BA6351E23FC440095F06F /* ViewController.swift */ = {isa = PBXFileReference; lastKnownFileType = sourcecode.swift; path = ViewController.swift; sourceTree = "<group>"; };
		6A2BA6381E23FC440095F06F /* Base */ = {isa = PBXFileReference; lastKnownFileType = file.storyboard; name = Base; path = Base.lproj/Main.storyboard; sourceTree = "<group>"; };
		6A2BA63A1E23FC440095F06F /* Assets.xcassets */ = {isa = PBXFileReference; lastKnownFileType = folder.assetcatalog; path = Assets.xcassets; sourceTree = "<group>"; };
		6A2BA63D1E23FC440095F06F /* Base */ = {isa = PBXFileReference; lastKnownFileType = file.storyboard; name = Base; path = Base.lproj/LaunchScreen.storyboard; sourceTree = "<group>"; };
		6A2BA63F1E23FC440095F06F /* Info.plist */ = {isa = PBXFileReference; lastKnownFileType = text.plist.xml; path = Info.plist; sourceTree = "<group>"; };
		6A2BA6441E23FC440095F06F /* blip-sdk-webviewTests.xctest */ = {isa = PBXFileReference; explicitFileType = wrapper.cfbundle; includeInIndex = 0; path = "blip-sdk-webviewTests.xctest"; sourceTree = BUILT_PRODUCTS_DIR; };
		6A2BA6481E23FC440095F06F /* blip_sdk_webviewTests.swift */ = {isa = PBXFileReference; lastKnownFileType = sourcecode.swift; path = blip_sdk_webviewTests.swift; sourceTree = "<group>"; };
		6A2BA64A1E23FC440095F06F /* Info.plist */ = {isa = PBXFileReference; lastKnownFileType = text.plist.xml; path = Info.plist; sourceTree = "<group>"; };
		6A2BA64F1E23FC440095F06F /* blip-sdk-webviewUITests.xctest */ = {isa = PBXFileReference; explicitFileType = wrapper.cfbundle; includeInIndex = 0; path = "blip-sdk-webviewUITests.xctest"; sourceTree = BUILT_PRODUCTS_DIR; };
		6A2BA6531E23FC440095F06F /* blip_sdk_webviewUITests.swift */ = {isa = PBXFileReference; lastKnownFileType = sourcecode.swift; path = blip_sdk_webviewUITests.swift; sourceTree = "<group>"; };
		6A2BA6551E23FC440095F06F /* Info.plist */ = {isa = PBXFileReference; lastKnownFileType = text.plist.xml; path = Info.plist; sourceTree = "<group>"; };
		6AA9F9031E26BC02007C270D /* blip.plist */ = {isa = PBXFileReference; fileEncoding = 4; lastKnownFileType = text.plist.xml; path = blip.plist; sourceTree = "<group>"; };
		89A127768135918A3397C56B /* Pods-blip-sdk-webview.debug.xcconfig */ = {isa = PBXFileReference; includeInIndex = 1; lastKnownFileType = text.xcconfig; name = "Pods-blip-sdk-webview.debug.xcconfig"; path = "Target Support Files/Pods-blip-sdk-webview/Pods-blip-sdk-webview.debug.xcconfig"; sourceTree = "<group>"; };
		A45CB0145676D60952FEB141 /* Pods_blip_sdk_webviewUITests.framework */ = {isa = PBXFileReference; explicitFileType = wrapper.framework; includeInIndex = 0; path = Pods_blip_sdk_webviewUITests.framework; sourceTree = BUILT_PRODUCTS_DIR; };
		D92554B9FEBE8C83483BA530 /* Pods-blip-sdk-webviewTests.release.xcconfig */ = {isa = PBXFileReference; includeInIndex = 1; lastKnownFileType = text.xcconfig; name = "Pods-blip-sdk-webviewTests.release.xcconfig"; path = "Target Support Files/Pods-blip-sdk-webviewTests/Pods-blip-sdk-webviewTests.release.xcconfig"; sourceTree = "<group>"; };
		F287FD73A551B7EB22E9DFA8 /* Pods-blip-sdk-webviewTests.debug.xcconfig */ = {isa = PBXFileReference; includeInIndex = 1; lastKnownFileType = text.xcconfig; name = "Pods-blip-sdk-webviewTests.debug.xcconfig"; path = "Target Support Files/Pods-blip-sdk-webviewTests/Pods-blip-sdk-webviewTests.debug.xcconfig"; sourceTree = "<group>"; };
		F3491EAC7DB2105E7741ED3B /* Pods_blip_sdk_webviewTests.framework */ = {isa = PBXFileReference; explicitFileType = wrapper.framework; includeInIndex = 0; path = Pods_blip_sdk_webviewTests.framework; sourceTree = BUILT_PRODUCTS_DIR; };
		FEC11C4AFF752A94D35A7B13 /* Pods_blip_sdk_webview.framework */ = {isa = PBXFileReference; explicitFileType = wrapper.framework; includeInIndex = 0; path = Pods_blip_sdk_webview.framework; sourceTree = BUILT_PRODUCTS_DIR; };
/* End PBXFileReference section */

/* Begin PBXFrameworksBuildPhase section */
		6A2BA62D1E23FC440095F06F /* Frameworks */ = {
			isa = PBXFrameworksBuildPhase;
			buildActionMask = 2147483647;
			files = (
				94F3918CAB441C03D9AFAA8D /* Pods_blip_sdk_webview.framework in Frameworks */,
			);
			runOnlyForDeploymentPostprocessing = 0;
		};
		6A2BA6411E23FC440095F06F /* Frameworks */ = {
			isa = PBXFrameworksBuildPhase;
			buildActionMask = 2147483647;
			files = (
				595C7819A1FC09B120475846 /* Pods_blip_sdk_webviewTests.framework in Frameworks */,
			);
			runOnlyForDeploymentPostprocessing = 0;
		};
		6A2BA64C1E23FC440095F06F /* Frameworks */ = {
			isa = PBXFrameworksBuildPhase;
			buildActionMask = 2147483647;
			files = (
				FA9B7B6C7FF04DD9AA967888 /* Pods_blip_sdk_webviewUITests.framework in Frameworks */,
			);
			runOnlyForDeploymentPostprocessing = 0;
		};
/* End PBXFrameworksBuildPhase section */

/* Begin PBXGroup section */
		6A2BA6271E23FC440095F06F = {
			isa = PBXGroup;
			children = (
				6A2BA6321E23FC440095F06F /* blip-sdk-webview */,
				6A2BA6471E23FC440095F06F /* blip-sdk-webviewTests */,
				6A2BA6521E23FC440095F06F /* blip-sdk-webviewUITests */,
				6A2BA6311E23FC440095F06F /* Products */,
				9BD4D34010D7685FB7E7D48B /* Pods */,
				E285CCB780C4E4150841F0E4 /* Frameworks */,
			);
			sourceTree = "<group>";
		};
		6A2BA6311E23FC440095F06F /* Products */ = {
			isa = PBXGroup;
			children = (
				6A2BA6301E23FC440095F06F /* blip-sdk-webview.app */,
				6A2BA6441E23FC440095F06F /* blip-sdk-webviewTests.xctest */,
				6A2BA64F1E23FC440095F06F /* blip-sdk-webviewUITests.xctest */,
			);
			name = Products;
			sourceTree = "<group>";
		};
		6A2BA6321E23FC440095F06F /* blip-sdk-webview */ = {
			isa = PBXGroup;
			children = (
				6AA9F9031E26BC02007C270D /* blip.plist */,
				6A2BA6331E23FC440095F06F /* AppDelegate.swift */,
				6A2BA6351E23FC440095F06F /* ViewController.swift */,
				6A2BA6371E23FC440095F06F /* Main.storyboard */,
				6A2BA63A1E23FC440095F06F /* Assets.xcassets */,
				6A2BA63C1E23FC440095F06F /* LaunchScreen.storyboard */,
				6A2BA63F1E23FC440095F06F /* Info.plist */,
			);
			path = "blip-sdk-webview";
			sourceTree = "<group>";
		};
		6A2BA6471E23FC440095F06F /* blip-sdk-webviewTests */ = {
			isa = PBXGroup;
			children = (
				6A2BA6481E23FC440095F06F /* blip_sdk_webviewTests.swift */,
				6A2BA64A1E23FC440095F06F /* Info.plist */,
			);
			path = "blip-sdk-webviewTests";
			sourceTree = "<group>";
		};
		6A2BA6521E23FC440095F06F /* blip-sdk-webviewUITests */ = {
			isa = PBXGroup;
			children = (
				6A2BA6531E23FC440095F06F /* blip_sdk_webviewUITests.swift */,
				6A2BA6551E23FC440095F06F /* Info.plist */,
			);
			path = "blip-sdk-webviewUITests";
			sourceTree = "<group>";
		};
		9BD4D34010D7685FB7E7D48B /* Pods */ = {
			isa = PBXGroup;
			children = (
				89A127768135918A3397C56B /* Pods-blip-sdk-webview.debug.xcconfig */,
				54488742549F52A76E5F3278 /* Pods-blip-sdk-webview.release.xcconfig */,
				F287FD73A551B7EB22E9DFA8 /* Pods-blip-sdk-webviewTests.debug.xcconfig */,
				D92554B9FEBE8C83483BA530 /* Pods-blip-sdk-webviewTests.release.xcconfig */,
				05B0E532B8E2BB71446593AF /* Pods-blip-sdk-webviewUITests.debug.xcconfig */,
				27700110B6DC514C9BD248AE /* Pods-blip-sdk-webviewUITests.release.xcconfig */,
			);
			path = Pods;
			sourceTree = "<group>";
		};
		E285CCB780C4E4150841F0E4 /* Frameworks */ = {
			isa = PBXGroup;
			children = (
				FEC11C4AFF752A94D35A7B13 /* Pods_blip_sdk_webview.framework */,
				F3491EAC7DB2105E7741ED3B /* Pods_blip_sdk_webviewTests.framework */,
				A45CB0145676D60952FEB141 /* Pods_blip_sdk_webviewUITests.framework */,
			);
			name = Frameworks;
			sourceTree = "<group>";
		};
/* End PBXGroup section */

/* Begin PBXNativeTarget section */
		6A2BA62F1E23FC440095F06F /* blip-sdk-webview */ = {
			isa = PBXNativeTarget;
			buildConfigurationList = 6A2BA6581E23FC440095F06F /* Build configuration list for PBXNativeTarget "blip-sdk-webview" */;
			buildPhases = (
				7BE2E987B8CE72A1C70931C5 /* [CP] Check Pods Manifest.lock */,
				6A2BA62C1E23FC440095F06F /* Sources */,
				6A2BA62D1E23FC440095F06F /* Frameworks */,
				6A2BA62E1E23FC440095F06F /* Resources */,
				6A2BA6641E23FC630095F06F /* Embed Frameworks */,
				16D3284B8110D6344EE337FF /* [CP] Embed Pods Frameworks */,
			);
			buildRules = (
			);
			dependencies = (
			);
			name = "blip-sdk-webview";
			productName = "blip-sdk-webview";
			productReference = 6A2BA6301E23FC440095F06F /* blip-sdk-webview.app */;
			productType = "com.apple.product-type.application";
		};
		6A2BA6431E23FC440095F06F /* blip-sdk-webviewTests */ = {
			isa = PBXNativeTarget;
			buildConfigurationList = 6A2BA65B1E23FC440095F06F /* Build configuration list for PBXNativeTarget "blip-sdk-webviewTests" */;
			buildPhases = (
				D73A6BF1402A6F20D501B390 /* [CP] Check Pods Manifest.lock */,
				6A2BA6401E23FC440095F06F /* Sources */,
				6A2BA6411E23FC440095F06F /* Frameworks */,
				6A2BA6421E23FC440095F06F /* Resources */,
			);
			buildRules = (
			);
			dependencies = (
				6A2BA6461E23FC440095F06F /* PBXTargetDependency */,
			);
			name = "blip-sdk-webviewTests";
			productName = "blip-sdk-webviewTests";
			productReference = 6A2BA6441E23FC440095F06F /* blip-sdk-webviewTests.xctest */;
			productType = "com.apple.product-type.bundle.unit-test";
		};
		6A2BA64E1E23FC440095F06F /* blip-sdk-webviewUITests */ = {
			isa = PBXNativeTarget;
			buildConfigurationList = 6A2BA65E1E23FC440095F06F /* Build configuration list for PBXNativeTarget "blip-sdk-webviewUITests" */;
			buildPhases = (
				73469354A324B19351E65A5F /* [CP] Check Pods Manifest.lock */,
				6A2BA64B1E23FC440095F06F /* Sources */,
				6A2BA64C1E23FC440095F06F /* Frameworks */,
				6A2BA64D1E23FC440095F06F /* Resources */,
			);
			buildRules = (
			);
			dependencies = (
				6A2BA6511E23FC440095F06F /* PBXTargetDependency */,
			);
			name = "blip-sdk-webviewUITests";
			productName = "blip-sdk-webviewUITests";
			productReference = 6A2BA64F1E23FC440095F06F /* blip-sdk-webviewUITests.xctest */;
			productType = "com.apple.product-type.bundle.ui-testing";
		};
/* End PBXNativeTarget section */

/* Begin PBXProject section */
		6A2BA6281E23FC440095F06F /* Project object */ = {
			isa = PBXProject;
			attributes = {
				LastSwiftUpdateCheck = 0820;
				LastUpgradeCheck = 0900;
				ORGANIZATIONNAME = Curupira;
				TargetAttributes = {
					6A2BA62F1E23FC440095F06F = {
						CreatedOnToolsVersion = 8.2.1;
						DevelopmentTeam = 2U6X6P3626;
						ProvisioningStyle = Automatic;
					};
					6A2BA6431E23FC440095F06F = {
						CreatedOnToolsVersion = 8.2.1;
						DevelopmentTeam = 2U6X6P3626;
						ProvisioningStyle = Automatic;
						TestTargetID = 6A2BA62F1E23FC440095F06F;
					};
					6A2BA64E1E23FC440095F06F = {
						CreatedOnToolsVersion = 8.2.1;
						DevelopmentTeam = 2U6X6P3626;
						ProvisioningStyle = Automatic;
						TestTargetID = 6A2BA62F1E23FC440095F06F;
					};
				};
			};
			buildConfigurationList = 6A2BA62B1E23FC440095F06F /* Build configuration list for PBXProject "blip-sdk-webview" */;
			compatibilityVersion = "Xcode 3.2";
			developmentRegion = English;
			hasScannedForEncodings = 0;
			knownRegions = (
				English,
				en,
				Base,
			);
			mainGroup = 6A2BA6271E23FC440095F06F;
			productRefGroup = 6A2BA6311E23FC440095F06F /* Products */;
			projectDirPath = "";
			projectRoot = "";
			targets = (
				6A2BA62F1E23FC440095F06F /* blip-sdk-webview */,
				6A2BA6431E23FC440095F06F /* blip-sdk-webviewTests */,
				6A2BA64E1E23FC440095F06F /* blip-sdk-webviewUITests */,
			);
		};
/* End PBXProject section */

/* Begin PBXResourcesBuildPhase section */
		6A2BA62E1E23FC440095F06F /* Resources */ = {
			isa = PBXResourcesBuildPhase;
			buildActionMask = 2147483647;
			files = (
				6A2BA63E1E23FC440095F06F /* LaunchScreen.storyboard in Resources */,
				6A2BA63B1E23FC440095F06F /* Assets.xcassets in Resources */,
				6A2BA6391E23FC440095F06F /* Main.storyboard in Resources */,
				6AA9F9041E26BC02007C270D /* blip.plist in Resources */,
			);
			runOnlyForDeploymentPostprocessing = 0;
		};
		6A2BA6421E23FC440095F06F /* Resources */ = {
			isa = PBXResourcesBuildPhase;
			buildActionMask = 2147483647;
			files = (
			);
			runOnlyForDeploymentPostprocessing = 0;
		};
		6A2BA64D1E23FC440095F06F /* Resources */ = {
			isa = PBXResourcesBuildPhase;
			buildActionMask = 2147483647;
			files = (
			);
			runOnlyForDeploymentPostprocessing = 0;
		};
/* End PBXResourcesBuildPhase section */

/* Begin PBXShellScriptBuildPhase section */
		16D3284B8110D6344EE337FF /* [CP] Embed Pods Frameworks */ = {
			isa = PBXShellScriptBuildPhase;
			buildActionMask = 2147483647;
			files = (
			);
			inputPaths = (
				"${PODS_ROOT}/Target Support Files/Pods-blip-sdk-webview/Pods-blip-sdk-webview-frameworks.sh",
				"${BUILT_PRODUCTS_DIR}/BlipChat/BlipChat.framework",
			);
			name = "[CP] Embed Pods Frameworks";
			outputPaths = (
				"${TARGET_BUILD_DIR}/${FRAMEWORKS_FOLDER_PATH}/BlipChat.framework",
			);
			runOnlyForDeploymentPostprocessing = 0;
			shellPath = /bin/sh;
			shellScript = "\"${PODS_ROOT}/Target Support Files/Pods-blip-sdk-webview/Pods-blip-sdk-webview-frameworks.sh\"\n";
			showEnvVarsInLog = 0;
		};
		73469354A324B19351E65A5F /* [CP] Check Pods Manifest.lock */ = {
			isa = PBXShellScriptBuildPhase;
			buildActionMask = 2147483647;
			files = (
			);
			inputFileListPaths = (
			);
			inputPaths = (
				"${PODS_PODFILE_DIR_PATH}/Podfile.lock",
				"${PODS_ROOT}/Manifest.lock",
			);
			name = "[CP] Check Pods Manifest.lock";
			outputFileListPaths = (
			);
			outputPaths = (
				"$(DERIVED_FILE_DIR)/Pods-blip-sdk-webviewUITests-checkManifestLockResult.txt",
			);
			runOnlyForDeploymentPostprocessing = 0;
			shellPath = /bin/sh;
			shellScript = "diff \"${PODS_PODFILE_DIR_PATH}/Podfile.lock\" \"${PODS_ROOT}/Manifest.lock\" > /dev/null\nif [ $? != 0 ] ; then\n    # print error to STDERR\n    echo \"error: The sandbox is not in sync with the Podfile.lock. Run 'pod install' or update your CocoaPods installation.\" >&2\n    exit 1\nfi\n# This output is used by Xcode 'outputs' to avoid re-running this script phase.\necho \"SUCCESS\" > \"${SCRIPT_OUTPUT_FILE_0}\"\n";
			showEnvVarsInLog = 0;
		};
		7BE2E987B8CE72A1C70931C5 /* [CP] Check Pods Manifest.lock */ = {
			isa = PBXShellScriptBuildPhase;
			buildActionMask = 2147483647;
			files = (
			);
			inputFileListPaths = (
			);
			inputPaths = (
				"${PODS_PODFILE_DIR_PATH}/Podfile.lock",
				"${PODS_ROOT}/Manifest.lock",
			);
			name = "[CP] Check Pods Manifest.lock";
			outputFileListPaths = (
			);
			outputPaths = (
				"$(DERIVED_FILE_DIR)/Pods-blip-sdk-webview-checkManifestLockResult.txt",
			);
			runOnlyForDeploymentPostprocessing = 0;
			shellPath = /bin/sh;
			shellScript = "diff \"${PODS_PODFILE_DIR_PATH}/Podfile.lock\" \"${PODS_ROOT}/Manifest.lock\" > /dev/null\nif [ $? != 0 ] ; then\n    # print error to STDERR\n    echo \"error: The sandbox is not in sync with the Podfile.lock. Run 'pod install' or update your CocoaPods installation.\" >&2\n    exit 1\nfi\n# This output is used by Xcode 'outputs' to avoid re-running this script phase.\necho \"SUCCESS\" > \"${SCRIPT_OUTPUT_FILE_0}\"\n";
			showEnvVarsInLog = 0;
		};
		D73A6BF1402A6F20D501B390 /* [CP] Check Pods Manifest.lock */ = {
			isa = PBXShellScriptBuildPhase;
			buildActionMask = 2147483647;
			files = (
			);
			inputFileListPaths = (
			);
			inputPaths = (
				"${PODS_PODFILE_DIR_PATH}/Podfile.lock",
				"${PODS_ROOT}/Manifest.lock",
			);
			name = "[CP] Check Pods Manifest.lock";
			outputFileListPaths = (
			);
			outputPaths = (
				"$(DERIVED_FILE_DIR)/Pods-blip-sdk-webviewTests-checkManifestLockResult.txt",
			);
			runOnlyForDeploymentPostprocessing = 0;
			shellPath = /bin/sh;
			shellScript = "diff \"${PODS_PODFILE_DIR_PATH}/Podfile.lock\" \"${PODS_ROOT}/Manifest.lock\" > /dev/null\nif [ $? != 0 ] ; then\n    # print error to STDERR\n    echo \"error: The sandbox is not in sync with the Podfile.lock. Run 'pod install' or update your CocoaPods installation.\" >&2\n    exit 1\nfi\n# This output is used by Xcode 'outputs' to avoid re-running this script phase.\necho \"SUCCESS\" > \"${SCRIPT_OUTPUT_FILE_0}\"\n";
			showEnvVarsInLog = 0;
		};
/* End PBXShellScriptBuildPhase section */

/* Begin PBXSourcesBuildPhase section */
		6A2BA62C1E23FC440095F06F /* Sources */ = {
			isa = PBXSourcesBuildPhase;
			buildActionMask = 2147483647;
			files = (
				6A2BA6361E23FC440095F06F /* ViewController.swift in Sources */,
				6A2BA6341E23FC440095F06F /* AppDelegate.swift in Sources */,
			);
			runOnlyForDeploymentPostprocessing = 0;
		};
		6A2BA6401E23FC440095F06F /* Sources */ = {
			isa = PBXSourcesBuildPhase;
			buildActionMask = 2147483647;
			files = (
				6A2BA6491E23FC440095F06F /* blip_sdk_webviewTests.swift in Sources */,
			);
			runOnlyForDeploymentPostprocessing = 0;
		};
		6A2BA64B1E23FC440095F06F /* Sources */ = {
			isa = PBXSourcesBuildPhase;
			buildActionMask = 2147483647;
			files = (
				6A2BA6541E23FC440095F06F /* blip_sdk_webviewUITests.swift in Sources */,
			);
			runOnlyForDeploymentPostprocessing = 0;
		};
/* End PBXSourcesBuildPhase section */

/* Begin PBXTargetDependency section */
		6A2BA6461E23FC440095F06F /* PBXTargetDependency */ = {
			isa = PBXTargetDependency;
			target = 6A2BA62F1E23FC440095F06F /* blip-sdk-webview */;
			targetProxy = 6A2BA6451E23FC440095F06F /* PBXContainerItemProxy */;
		};
		6A2BA6511E23FC440095F06F /* PBXTargetDependency */ = {
			isa = PBXTargetDependency;
			target = 6A2BA62F1E23FC440095F06F /* blip-sdk-webview */;
			targetProxy = 6A2BA6501E23FC440095F06F /* PBXContainerItemProxy */;
		};
/* End PBXTargetDependency section */

/* Begin PBXVariantGroup section */
		6A2BA6371E23FC440095F06F /* Main.storyboard */ = {
			isa = PBXVariantGroup;
			children = (
				6A2BA6381E23FC440095F06F /* Base */,
			);
			name = Main.storyboard;
			sourceTree = "<group>";
		};
		6A2BA63C1E23FC440095F06F /* LaunchScreen.storyboard */ = {
			isa = PBXVariantGroup;
			children = (
				6A2BA63D1E23FC440095F06F /* Base */,
			);
			name = LaunchScreen.storyboard;
			sourceTree = "<group>";
		};
/* End PBXVariantGroup section */

/* Begin XCBuildConfiguration section */
		6A2BA6561E23FC440095F06F /* Debug */ = {
			isa = XCBuildConfiguration;
			buildSettings = {
				ALWAYS_SEARCH_USER_PATHS = NO;
				CLANG_ANALYZER_NONNULL = YES;
				CLANG_CXX_LANGUAGE_STANDARD = "gnu++0x";
				CLANG_CXX_LIBRARY = "libc++";
				CLANG_ENABLE_MODULES = YES;
				CLANG_ENABLE_OBJC_ARC = YES;
				CLANG_WARN_BLOCK_CAPTURE_AUTORELEASING = YES;
				CLANG_WARN_BOOL_CONVERSION = YES;
				CLANG_WARN_COMMA = YES;
				CLANG_WARN_CONSTANT_CONVERSION = YES;
				CLANG_WARN_DIRECT_OBJC_ISA_USAGE = YES_ERROR;
				CLANG_WARN_DOCUMENTATION_COMMENTS = YES;
				CLANG_WARN_EMPTY_BODY = YES;
				CLANG_WARN_ENUM_CONVERSION = YES;
				CLANG_WARN_INFINITE_RECURSION = YES;
				CLANG_WARN_INT_CONVERSION = YES;
				CLANG_WARN_NON_LITERAL_NULL_CONVERSION = YES;
				CLANG_WARN_OBJC_LITERAL_CONVERSION = YES;
				CLANG_WARN_OBJC_ROOT_CLASS = YES_ERROR;
				CLANG_WARN_RANGE_LOOP_ANALYSIS = YES;
				CLANG_WARN_STRICT_PROTOTYPES = YES;
				CLANG_WARN_SUSPICIOUS_MOVE = YES;
				CLANG_WARN_UNREACHABLE_CODE = YES;
				CLANG_WARN__DUPLICATE_METHOD_MATCH = YES;
				"CODE_SIGN_IDENTITY[sdk=iphoneos*]" = "iPhone Developer";
				COPY_PHASE_STRIP = NO;
				DEBUG_INFORMATION_FORMAT = dwarf;
				ENABLE_STRICT_OBJC_MSGSEND = YES;
				ENABLE_TESTABILITY = YES;
				GCC_C_LANGUAGE_STANDARD = gnu99;
				GCC_DYNAMIC_NO_PIC = NO;
				GCC_NO_COMMON_BLOCKS = YES;
				GCC_OPTIMIZATION_LEVEL = 0;
				GCC_PREPROCESSOR_DEFINITIONS = (
					"DEBUG=1",
					"$(inherited)",
				);
				GCC_WARN_64_TO_32_BIT_CONVERSION = YES;
				GCC_WARN_ABOUT_RETURN_TYPE = YES_ERROR;
				GCC_WARN_UNDECLARED_SELECTOR = YES;
				GCC_WARN_UNINITIALIZED_AUTOS = YES_AGGRESSIVE;
				GCC_WARN_UNUSED_FUNCTION = YES;
				GCC_WARN_UNUSED_VARIABLE = YES;
				IPHONEOS_DEPLOYMENT_TARGET = 10.2;
				MTL_ENABLE_DEBUG_INFO = YES;
				ONLY_ACTIVE_ARCH = YES;
				SDKROOT = iphoneos;
				SWIFT_ACTIVE_COMPILATION_CONDITIONS = DEBUG;
				SWIFT_OPTIMIZATION_LEVEL = "-Onone";
				SWIFT_VERSION = 4.0;
			};
			name = Debug;
		};
		6A2BA6571E23FC440095F06F /* Release */ = {
			isa = XCBuildConfiguration;
			buildSettings = {
				ALWAYS_SEARCH_USER_PATHS = NO;
				CLANG_ANALYZER_NONNULL = YES;
				CLANG_CXX_LANGUAGE_STANDARD = "gnu++0x";
				CLANG_CXX_LIBRARY = "libc++";
				CLANG_ENABLE_MODULES = YES;
				CLANG_ENABLE_OBJC_ARC = YES;
				CLANG_WARN_BLOCK_CAPTURE_AUTORELEASING = YES;
				CLANG_WARN_BOOL_CONVERSION = YES;
				CLANG_WARN_COMMA = YES;
				CLANG_WARN_CONSTANT_CONVERSION = YES;
				CLANG_WARN_DIRECT_OBJC_ISA_USAGE = YES_ERROR;
				CLANG_WARN_DOCUMENTATION_COMMENTS = YES;
				CLANG_WARN_EMPTY_BODY = YES;
				CLANG_WARN_ENUM_CONVERSION = YES;
				CLANG_WARN_INFINITE_RECURSION = YES;
				CLANG_WARN_INT_CONVERSION = YES;
				CLANG_WARN_NON_LITERAL_NULL_CONVERSION = YES;
				CLANG_WARN_OBJC_LITERAL_CONVERSION = YES;
				CLANG_WARN_OBJC_ROOT_CLASS = YES_ERROR;
				CLANG_WARN_RANGE_LOOP_ANALYSIS = YES;
				CLANG_WARN_STRICT_PROTOTYPES = YES;
				CLANG_WARN_SUSPICIOUS_MOVE = YES;
				CLANG_WARN_UNREACHABLE_CODE = YES;
				CLANG_WARN__DUPLICATE_METHOD_MATCH = YES;
				"CODE_SIGN_IDENTITY[sdk=iphoneos*]" = "iPhone Developer";
				COPY_PHASE_STRIP = NO;
				DEBUG_INFORMATION_FORMAT = "dwarf-with-dsym";
				ENABLE_NS_ASSERTIONS = NO;
				ENABLE_STRICT_OBJC_MSGSEND = YES;
				GCC_C_LANGUAGE_STANDARD = gnu99;
				GCC_NO_COMMON_BLOCKS = YES;
				GCC_WARN_64_TO_32_BIT_CONVERSION = YES;
				GCC_WARN_ABOUT_RETURN_TYPE = YES_ERROR;
				GCC_WARN_UNDECLARED_SELECTOR = YES;
				GCC_WARN_UNINITIALIZED_AUTOS = YES_AGGRESSIVE;
				GCC_WARN_UNUSED_FUNCTION = YES;
				GCC_WARN_UNUSED_VARIABLE = YES;
				IPHONEOS_DEPLOYMENT_TARGET = 10.2;
				MTL_ENABLE_DEBUG_INFO = NO;
				SDKROOT = iphoneos;
				SWIFT_OPTIMIZATION_LEVEL = "-Owholemodule";
				SWIFT_VERSION = 4.0;
				VALIDATE_PRODUCT = YES;
			};
			name = Release;
		};
		6A2BA6591E23FC440095F06F /* Debug */ = {
			isa = XCBuildConfiguration;
			baseConfigurationReference = 89A127768135918A3397C56B /* Pods-blip-sdk-webview.debug.xcconfig */;
			buildSettings = {
				ASSETCATALOG_COMPILER_APPICON_NAME = AppIcon;
				DEVELOPMENT_TEAM = 2U6X6P3626;
				FRAMEWORK_SEARCH_PATHS = (
					"$(inherited)",
					"$(PROJECT_DIR)",
				);
				INFOPLIST_FILE = "blip-sdk-webview/Info.plist";
				IPHONEOS_DEPLOYMENT_TARGET = 18.6;
				LD_RUNPATH_SEARCH_PATHS = "$(inherited) @executable_path/Frameworks";
				PRODUCT_BUNDLE_IDENTIFIER = "net.take.blip-sdk-webview";
				PRODUCT_NAME = "$(TARGET_NAME)";
				SWIFT_VERSION = 4.2;
			};
			name = Debug;
		};
		6A2BA65A1E23FC440095F06F /* Release */ = {
			isa = XCBuildConfiguration;
			baseConfigurationReference = 54488742549F52A76E5F3278 /* Pods-blip-sdk-webview.release.xcconfig */;
			buildSettings = {
				ASSETCATALOG_COMPILER_APPICON_NAME = AppIcon;
				DEVELOPMENT_TEAM = 2U6X6P3626;
				FRAMEWORK_SEARCH_PATHS = (
					"$(inherited)",
					"$(PROJECT_DIR)",
				);
				INFOPLIST_FILE = "blip-sdk-webview/Info.plist";
				IPHONEOS_DEPLOYMENT_TARGET = 18.6;
				LD_RUNPATH_SEARCH_PATHS = "$(inherited) @executable_path/Frameworks";
				PRODUCT_BUNDLE_IDENTIFIER = "net.take.blip-sdk-webview";
				PRODUCT_NAME = "$(TARGET_NAME)";
				SWIFT_VERSION = 4.2;
			};
			name = Release;
		};
		6A2BA65C1E23FC440095F06F /* Debug */ = {
			isa = XCBuildConfiguration;
			baseConfigurationReference = F287FD73A551B7EB22E9DFA8 /* Pods-blip-sdk-webviewTests.debug.xcconfig */;
			buildSettings = {
				ALWAYS_EMBED_SWIFT_STANDARD_LIBRARIES = YES;
				BUNDLE_LOADER = "$(TEST_HOST)";
				DEVELOPMENT_TEAM = 2U6X6P3626;
				INFOPLIST_FILE = "blip-sdk-webviewTests/Info.plist";
				LD_RUNPATH_SEARCH_PATHS = "$(inherited) @executable_path/Frameworks @loader_path/Frameworks";
				PRODUCT_BUNDLE_IDENTIFIER = "net.take.blip-sdk-webviewTests";
				PRODUCT_NAME = "$(TARGET_NAME)";
				SWIFT_VERSION = 3.0;
				TEST_HOST = "$(BUILT_PRODUCTS_DIR)/blip-sdk-webview.app/blip-sdk-webview";
			};
			name = Debug;
		};
		6A2BA65D1E23FC440095F06F /* Release */ = {
			isa = XCBuildConfiguration;
			baseConfigurationReference = D92554B9FEBE8C83483BA530 /* Pods-blip-sdk-webviewTests.release.xcconfig */;
			buildSettings = {
				ALWAYS_EMBED_SWIFT_STANDARD_LIBRARIES = YES;
				BUNDLE_LOADER = "$(TEST_HOST)";
				DEVELOPMENT_TEAM = 2U6X6P3626;
				INFOPLIST_FILE = "blip-sdk-webviewTests/Info.plist";
				LD_RUNPATH_SEARCH_PATHS = "$(inherited) @executable_path/Frameworks @loader_path/Frameworks";
				PRODUCT_BUNDLE_IDENTIFIER = "net.take.blip-sdk-webviewTests";
				PRODUCT_NAME = "$(TARGET_NAME)";
				SWIFT_VERSION = 3.0;
				TEST_HOST = "$(BUILT_PRODUCTS_DIR)/blip-sdk-webview.app/blip-sdk-webview";
			};
			name = Release;
		};
		6A2BA65F1E23FC440095F06F /* Debug */ = {
			isa = XCBuildConfiguration;
			baseConfigurationReference = 05B0E532B8E2BB71446593AF /* Pods-blip-sdk-webviewUITests.debug.xcconfig */;
			buildSettings = {
				ALWAYS_EMBED_SWIFT_STANDARD_LIBRARIES = YES;
				DEVELOPMENT_TEAM = 2U6X6P3626;
				INFOPLIST_FILE = "blip-sdk-webviewUITests/Info.plist";
				LD_RUNPATH_SEARCH_PATHS = "$(inherited) @executable_path/Frameworks @loader_path/Frameworks";
				PRODUCT_BUNDLE_IDENTIFIER = "net.take.blip-sdk-webviewUITests";
				PRODUCT_NAME = "$(TARGET_NAME)";
				SWIFT_VERSION = 3.0;
				TEST_TARGET_NAME = "blip-sdk-webview";
			};
			name = Debug;
		};
		6A2BA6601E23FC440095F06F /* Release */ = {
			isa = XCBuildConfiguration;
			baseConfigurationReference = 27700110B6DC514C9BD248AE /* Pods-blip-sdk-webviewUITests.release.xcconfig */;
			buildSettings = {
				ALWAYS_EMBED_SWIFT_STANDARD_LIBRARIES = YES;
				DEVELOPMENT_TEAM = 2U6X6P3626;
				INFOPLIST_FILE = "blip-sdk-webviewUITests/Info.plist";
				LD_RUNPATH_SEARCH_PATHS = "$(inherited) @executable_path/Frameworks @loader_path/Frameworks";
				PRODUCT_BUNDLE_IDENTIFIER = "net.take.blip-sdk-webviewUITests";
				PRODUCT_NAME = "$(TARGET_NAME)";
				SWIFT_VERSION = 3.0;
				TEST_TARGET_NAME = "blip-sdk-webview";
			};
			name = Release;
		};
/* End XCBuildConfiguration section */

/* Begin XCConfigurationList section */
		6A2BA62B1E23FC440095F06F /* Build configuration list for PBXProject "blip-sdk-webview" */ = {
			isa = XCConfigurationList;
			buildConfigurations = (
				6A2BA6561E23FC440095F06F /* Debug */,
				6A2BA6571E23FC440095F06F /* Release */,
			);
			defaultConfigurationIsVisible = 0;
			defaultConfigurationName = Release;
		};
		6A2BA6581E23FC440095F06F /* Build configuration list for PBXNativeTarget "blip-sdk-webview" */ = {
			isa = XCConfigurationList;
			buildConfigurations = (
				6A2BA6591E23FC440095F06F /* Debug */,
				6A2BA65A1E23FC440095F06F /* Release */,
			);
			defaultConfigurationIsVisible = 0;
			defaultConfigurationName = Release;
		};
		6A2BA65B1E23FC440095F06F /* Build configuration list for PBXNativeTarget "blip-sdk-webviewTests" */ = {
			isa = XCConfigurationList;
			buildConfigurations = (
				6A2BA65C1E23FC440095F06F /* Debug */,
				6A2BA65D1E23FC440095F06F /* Release */,
			);
			defaultConfigurationIsVisible = 0;
			defaultConfigurationName = Release;
		};
		6A2BA65E1E23FC440095F06F /* Build configuration list for PBXNativeTarget "blip-sdk-webviewUITests" */ = {
			isa = XCConfigurationList;
			buildConfigurations = (
				6A2BA65F1E23FC440095F06F /* Debug */,
				6A2BA6601E23FC440095F06F /* Release */,
			);
			defaultConfigurationIsVisible = 0;
			defaultConfigurationName = Release;
		};
/* End XCConfigurationList section */
	};
	rootObject = 6A2BA6281E23FC440095F06F /* Project object */;
}
